// !$*UTF8*$!
{
	archiveVersion = 1;
	classes = {
	};
	objectVersion = 50;
	objects = {

/* Begin PBXBuildFile section */
		028FCE4723E310A2004194DF /* AppDelegate.swift in Sources */ = {isa = PBXBuildFile; fileRef = 028FCE4623E310A2004194DF /* AppDelegate.swift */; };
		028FCE4923E310A2004194DF /* SceneDelegate.swift in Sources */ = {isa = PBXBuildFile; fileRef = 028FCE4823E310A2004194DF /* SceneDelegate.swift */; };
		028FCE4B23E310A2004194DF /* EventCountdownVC.swift in Sources */ = {isa = PBXBuildFile; fileRef = 028FCE4A23E310A2004194DF /* EventCountdownVC.swift */; };
		028FCE4E23E310A2004194DF /* Main.storyboard in Resources */ = {isa = PBXBuildFile; fileRef = 028FCE4C23E310A2004194DF /* Main.storyboard */; };
		028FCE5023E310A6004194DF /* Assets.xcassets in Resources */ = {isa = PBXBuildFile; fileRef = 028FCE4F23E310A6004194DF /* Assets.xcassets */; };
		028FCE5323E310A6004194DF /* LaunchScreen.storyboard in Resources */ = {isa = PBXBuildFile; fileRef = 028FCE5123E310A6004194DF /* LaunchScreen.storyboard */; };
		028FCE5B23E83099004194DF /* Event.swift in Sources */ = {isa = PBXBuildFile; fileRef = 028FCE5A23E83099004194DF /* Event.swift */; };
		028FCE5F23E8344E004194DF /* EventCell.swift in Sources */ = {isa = PBXBuildFile; fileRef = 028FCE5E23E8344E004194DF /* EventCell.swift */; };
		028FCE6123E835A7004194DF /* ECEventImageView.swift in Sources */ = {isa = PBXBuildFile; fileRef = 028FCE6023E835A7004194DF /* ECEventImageView.swift */; };
		028FCE6923E871CF004194DF /* ECTitleLabel.swift in Sources */ = {isa = PBXBuildFile; fileRef = 028FCE6823E871CF004194DF /* ECTitleLabel.swift */; };
		028FCE6B23E87351004194DF /* ECBodyLabel.swift in Sources */ = {isa = PBXBuildFile; fileRef = 028FCE6A23E87351004194DF /* ECBodyLabel.swift */; };
		028FCE6D23E97653004194DF /* EventDetailsVC.swift in Sources */ = {isa = PBXBuildFile; fileRef = 028FCE6C23E97653004194DF /* EventDetailsVC.swift */; };
		028FCE7123E9FBDC004194DF /* EventOverviewVC.swift in Sources */ = {isa = PBXBuildFile; fileRef = 028FCE7023E9FBDC004194DF /* EventOverviewVC.swift */; };
/* End PBXBuildFile section */

/* Begin PBXFileReference section */
		028FCE4323E310A2004194DF /* Event Countdown.app */ = {isa = PBXFileReference; explicitFileType = wrapper.application; includeInIndex = 0; path = "Event Countdown.app"; sourceTree = BUILT_PRODUCTS_DIR; };
		028FCE4623E310A2004194DF /* AppDelegate.swift */ = {isa = PBXFileReference; lastKnownFileType = sourcecode.swift; path = AppDelegate.swift; sourceTree = "<group>"; };
		028FCE4823E310A2004194DF /* SceneDelegate.swift */ = {isa = PBXFileReference; lastKnownFileType = sourcecode.swift; path = SceneDelegate.swift; sourceTree = "<group>"; };
		028FCE4A23E310A2004194DF /* EventCountdownVC.swift */ = {isa = PBXFileReference; lastKnownFileType = sourcecode.swift; path = EventCountdownVC.swift; sourceTree = "<group>"; };
		028FCE4D23E310A2004194DF /* Base */ = {isa = PBXFileReference; lastKnownFileType = file.storyboard; name = Base; path = Base.lproj/Main.storyboard; sourceTree = "<group>"; };
		028FCE4F23E310A6004194DF /* Assets.xcassets */ = {isa = PBXFileReference; lastKnownFileType = folder.assetcatalog; path = Assets.xcassets; sourceTree = "<group>"; };
		028FCE5223E310A6004194DF /* Base */ = {isa = PBXFileReference; lastKnownFileType = file.storyboard; name = Base; path = Base.lproj/LaunchScreen.storyboard; sourceTree = "<group>"; };
		028FCE5423E310A6004194DF /* Info.plist */ = {isa = PBXFileReference; lastKnownFileType = text.plist.xml; path = Info.plist; sourceTree = "<group>"; };
		028FCE5A23E83099004194DF /* Event.swift */ = {isa = PBXFileReference; lastKnownFileType = sourcecode.swift; path = Event.swift; sourceTree = "<group>"; };
		028FCE5E23E8344E004194DF /* EventCell.swift */ = {isa = PBXFileReference; lastKnownFileType = sourcecode.swift; path = EventCell.swift; sourceTree = "<group>"; };
		028FCE6023E835A7004194DF /* ECEventImageView.swift */ = {isa = PBXFileReference; lastKnownFileType = sourcecode.swift; path = ECEventImageView.swift; sourceTree = "<group>"; };
		028FCE6823E871CF004194DF /* ECTitleLabel.swift */ = {isa = PBXFileReference; lastKnownFileType = sourcecode.swift; path = ECTitleLabel.swift; sourceTree = "<group>"; };
		028FCE6A23E87351004194DF /* ECBodyLabel.swift */ = {isa = PBXFileReference; lastKnownFileType = sourcecode.swift; path = ECBodyLabel.swift; sourceTree = "<group>"; };
		028FCE6C23E97653004194DF /* EventDetailsVC.swift */ = {isa = PBXFileReference; lastKnownFileType = sourcecode.swift; path = EventDetailsVC.swift; sourceTree = "<group>"; };
		028FCE7023E9FBDC004194DF /* EventOverviewVC.swift */ = {isa = PBXFileReference; lastKnownFileType = sourcecode.swift; path = EventOverviewVC.swift; sourceTree = "<group>"; };
/* End PBXFileReference section */

/* Begin PBXFrameworksBuildPhase section */
		028FCE4023E310A2004194DF /* Frameworks */ = {
			isa = PBXFrameworksBuildPhase;
			buildActionMask = 2147483647;
			files = (
			);
			runOnlyForDeploymentPostprocessing = 0;
		};
/* End PBXFrameworksBuildPhase section */

/* Begin PBXGroup section */
		028FCE3A23E310A2004194DF = {
			isa = PBXGroup;
			children = (
				028FCE4523E310A2004194DF /* Event Countdown */,
				028FCE4423E310A2004194DF /* Products */,
			);
			sourceTree = "<group>";
		};
		028FCE4423E310A2004194DF /* Products */ = {
			isa = PBXGroup;
			children = (
				028FCE4323E310A2004194DF /* Event Countdown.app */,
			);
			name = Products;
			sourceTree = "<group>";
		};
		028FCE4523E310A2004194DF /* Event Countdown */ = {
			isa = PBXGroup;
			children = (
				028FCE6423E87146004194DF /* CustomViews */,
				028FCE6323E87138004194DF /* Modals */,
				028FCE6223E8712B004194DF /* Screens */,
				028FCE4623E310A2004194DF /* AppDelegate.swift */,
				028FCE4823E310A2004194DF /* SceneDelegate.swift */,
				028FCE4C23E310A2004194DF /* Main.storyboard */,
				028FCE4F23E310A6004194DF /* Assets.xcassets */,
				028FCE5123E310A6004194DF /* LaunchScreen.storyboard */,
				028FCE5423E310A6004194DF /* Info.plist */,
			);
			path = "Event Countdown";
			sourceTree = "<group>";
		};
		028FCE6223E8712B004194DF /* Screens */ = {
			isa = PBXGroup;
			children = (
				028FCE4A23E310A2004194DF /* EventCountdownVC.swift */,
				028FCE6C23E97653004194DF /* EventDetailsVC.swift */,
				028FCE7023E9FBDC004194DF /* EventOverviewVC.swift */,
			);
			path = Screens;
			sourceTree = "<group>";
		};
		028FCE6323E87138004194DF /* Modals */ = {
			isa = PBXGroup;
			children = (
				028FCE5A23E83099004194DF /* Event.swift */,
			);
			path = Modals;
			sourceTree = "<group>";
		};
		028FCE6423E87146004194DF /* CustomViews */ = {
			isa = PBXGroup;
			children = (
				028FCE6723E871A9004194DF /* Labels */,
				028FCE6623E8715E004194DF /* ImageViews */,
				028FCE6523E87159004194DF /* Cells */,
			);
			path = CustomViews;
			sourceTree = "<group>";
		};
		028FCE6523E87159004194DF /* Cells */ = {
			isa = PBXGroup;
			children = (
				028FCE5E23E8344E004194DF /* EventCell.swift */,
			);
			path = Cells;
			sourceTree = "<group>";
		};
		028FCE6623E8715E004194DF /* ImageViews */ = {
			isa = PBXGroup;
			children = (
				028FCE6023E835A7004194DF /* ECEventImageView.swift */,
			);
			path = ImageViews;
			sourceTree = "<group>";
		};
		028FCE6723E871A9004194DF /* Labels */ = {
			isa = PBXGroup;
			children = (
				028FCE6823E871CF004194DF /* ECTitleLabel.swift */,
				028FCE6A23E87351004194DF /* ECBodyLabel.swift */,
			);
			path = Labels;
			sourceTree = "<group>";
		};
/* End PBXGroup section */

/* Begin PBXNativeTarget section */
		028FCE4223E310A2004194DF /* Event Countdown */ = {
			isa = PBXNativeTarget;
			buildConfigurationList = 028FCE5723E310A6004194DF /* Build configuration list for PBXNativeTarget "Event Countdown" */;
			buildPhases = (
				028FCE3F23E310A2004194DF /* Sources */,
				028FCE4023E310A2004194DF /* Frameworks */,
				028FCE4123E310A2004194DF /* Resources */,
			);
			buildRules = (
			);
			dependencies = (
			);
			name = "Event Countdown";
			productName = "Event Countdown";
			productReference = 028FCE4323E310A2004194DF /* Event Countdown.app */;
			productType = "com.apple.product-type.application";
		};
/* End PBXNativeTarget section */

/* Begin PBXProject section */
		028FCE3B23E310A2004194DF /* Project object */ = {
			isa = PBXProject;
			attributes = {
				LastSwiftUpdateCheck = 1100;
				LastUpgradeCheck = 1100;
				ORGANIZATIONNAME = "Darragh Blake";
				TargetAttributes = {
					028FCE4223E310A2004194DF = {
						CreatedOnToolsVersion = 11.0;
					};
				};
			};
			buildConfigurationList = 028FCE3E23E310A2004194DF /* Build configuration list for PBXProject "Event Countdown" */;
			compatibilityVersion = "Xcode 9.3";
			developmentRegion = en;
			hasScannedForEncodings = 0;
			knownRegions = (
				en,
				Base,
			);
			mainGroup = 028FCE3A23E310A2004194DF;
			productRefGroup = 028FCE4423E310A2004194DF /* Products */;
			projectDirPath = "";
			projectRoot = "";
			targets = (
				028FCE4223E310A2004194DF /* Event Countdown */,
			);
		};
/* End PBXProject section */

/* Begin PBXResourcesBuildPhase section */
		028FCE4123E310A2004194DF /* Resources */ = {
			isa = PBXResourcesBuildPhase;
			buildActionMask = 2147483647;
			files = (
				028FCE5323E310A6004194DF /* LaunchScreen.storyboard in Resources */,
				028FCE5023E310A6004194DF /* Assets.xcassets in Resources */,
				028FCE4E23E310A2004194DF /* Main.storyboard in Resources */,
			);
			runOnlyForDeploymentPostprocessing = 0;
		};
/* End PBXResourcesBuildPhase section */

/* Begin PBXSourcesBuildPhase section */
		028FCE3F23E310A2004194DF /* Sources */ = {
			isa = PBXSourcesBuildPhase;
			buildActionMask = 2147483647;
			files = (
				028FCE5B23E83099004194DF /* Event.swift in Sources */,
				028FCE4B23E310A2004194DF /* EventCountdownVC.swift in Sources */,
				028FCE6B23E87351004194DF /* ECBodyLabel.swift in Sources */,
				028FCE4723E310A2004194DF /* AppDelegate.swift in Sources */,
				028FCE7123E9FBDC004194DF /* EventOverviewVC.swift in Sources */,
				028FCE6923E871CF004194DF /* ECTitleLabel.swift in Sources */,
				028FCE6D23E97653004194DF /* EventDetailsVC.swift in Sources */,
				028FCE6123E835A7004194DF /* ECEventImageView.swift in Sources */,
				028FCE4923E310A2004194DF /* SceneDelegate.swift in Sources */,
				028FCE5F23E8344E004194DF /* EventCell.swift in Sources */,
			);
			runOnlyForDeploymentPostprocessing = 0;
		};
/* End PBXSourcesBuildPhase section */

/* Begin PBXVariantGroup section */
		028FCE4C23E310A2004194DF /* Main.storyboard */ = {
			isa = PBXVariantGroup;
			children = (
				028FCE4D23E310A2004194DF /* Base */,
			);
			name = Main.storyboard;
			sourceTree = "<group>";
		};
		028FCE5123E310A6004194DF /* LaunchScreen.storyboard */ = {
			isa = PBXVariantGroup;
			children = (
				028FCE5223E310A6004194DF /* Base */,
			);
			name = LaunchScreen.storyboard;
			sourceTree = "<group>";
		};
/* End PBXVariantGroup section */

/* Begin XCBuildConfiguration section */
		028FCE5523E310A6004194DF /* Debug */ = {
			isa = XCBuildConfiguration;
			buildSettings = {
				ALWAYS_SEARCH_USER_PATHS = NO;
				CLANG_ANALYZER_NONNULL = YES;
				CLANG_ANALYZER_NUMBER_OBJECT_CONVERSION = YES_AGGRESSIVE;
				CLANG_CXX_LANGUAGE_STANDARD = "gnu++14";
				CLANG_CXX_LIBRARY = "libc++";
				CLANG_ENABLE_MODULES = YES;
				CLANG_ENABLE_OBJC_ARC = YES;
				CLANG_ENABLE_OBJC_WEAK = YES;
				CLANG_WARN_BLOCK_CAPTURE_AUTORELEASING = YES;
				CLANG_WARN_BOOL_CONVERSION = YES;
				CLANG_WARN_COMMA = YES;
				CLANG_WARN_CONSTANT_CONVERSION = YES;
				CLANG_WARN_DEPRECATED_OBJC_IMPLEMENTATIONS = YES;
				CLANG_WARN_DIRECT_OBJC_ISA_USAGE = YES_ERROR;
				CLANG_WARN_DOCUMENTATION_COMMENTS = YES;
				CLANG_WARN_EMPTY_BODY = YES;
				CLANG_WARN_ENUM_CONVERSION = YES;
				CLANG_WARN_INFINITE_RECURSION = YES;
				CLANG_WARN_INT_CONVERSION = YES;
				CLANG_WARN_NON_LITERAL_NULL_CONVERSION = YES;
				CLANG_WARN_OBJC_IMPLICIT_RETAIN_SELF = YES;
				CLANG_WARN_OBJC_LITERAL_CONVERSION = YES;
				CLANG_WARN_OBJC_ROOT_CLASS = YES_ERROR;
				CLANG_WARN_RANGE_LOOP_ANALYSIS = YES;
				CLANG_WARN_STRICT_PROTOTYPES = YES;
				CLANG_WARN_SUSPICIOUS_MOVE = YES;
				CLANG_WARN_UNGUARDED_AVAILABILITY = YES_AGGRESSIVE;
				CLANG_WARN_UNREACHABLE_CODE = YES;
				CLANG_WARN__DUPLICATE_METHOD_MATCH = YES;
				COPY_PHASE_STRIP = NO;
				DEBUG_INFORMATION_FORMAT = dwarf;
				ENABLE_STRICT_OBJC_MSGSEND = YES;
				ENABLE_TESTABILITY = YES;
				GCC_C_LANGUAGE_STANDARD = gnu11;
				GCC_DYNAMIC_NO_PIC = NO;
				GCC_NO_COMMON_BLOCKS = YES;
				GCC_OPTIMIZATION_LEVEL = 0;
				GCC_PREPROCESSOR_DEFINITIONS = (
					"DEBUG=1",
					"$(inherited)",
				);
				GCC_WARN_64_TO_32_BIT_CONVERSION = YES;
				GCC_WARN_ABOUT_RETURN_TYPE = YES_ERROR;
				GCC_WARN_UNDECLARED_SELECTOR = YES;
				GCC_WARN_UNINITIALIZED_AUTOS = YES_AGGRESSIVE;
				GCC_WARN_UNUSED_FUNCTION = YES;
				GCC_WARN_UNUSED_VARIABLE = YES;
				IPHONEOS_DEPLOYMENT_TARGET = 13.0;
				MTL_ENABLE_DEBUG_INFO = INCLUDE_SOURCE;
				MTL_FAST_MATH = YES;
				ONLY_ACTIVE_ARCH = YES;
				SDKROOT = iphoneos;
				SWIFT_ACTIVE_COMPILATION_CONDITIONS = DEBUG;
				SWIFT_OPTIMIZATION_LEVEL = "-Onone";
			};
			name = Debug;
		};
		028FCE5623E310A6004194DF /* Release */ = {
			isa = XCBuildConfiguration;
			buildSettings = {
				ALWAYS_SEARCH_USER_PATHS = NO;
				CLANG_ANALYZER_NONNULL = YES;
				CLANG_ANALYZER_NUMBER_OBJECT_CONVERSION = YES_AGGRESSIVE;
				CLANG_CXX_LANGUAGE_STANDARD = "gnu++14";
				CLANG_CXX_LIBRARY = "libc++";
				CLANG_ENABLE_MODULES = YES;
				CLANG_ENABLE_OBJC_ARC = YES;
				CLANG_ENABLE_OBJC_WEAK = YES;
				CLANG_WARN_BLOCK_CAPTURE_AUTORELEASING = YES;
				CLANG_WARN_BOOL_CONVERSION = YES;
				CLANG_WARN_COMMA = YES;
				CLANG_WARN_CONSTANT_CONVERSION = YES;
				CLANG_WARN_DEPRECATED_OBJC_IMPLEMENTATIONS = YES;
				CLANG_WARN_DIRECT_OBJC_ISA_USAGE = YES_ERROR;
				CLANG_WARN_DOCUMENTATION_COMMENTS = YES;
				CLANG_WARN_EMPTY_BODY = YES;
				CLANG_WARN_ENUM_CONVERSION = YES;
				CLANG_WARN_INFINITE_RECURSION = YES;
				CLANG_WARN_INT_CONVERSION = YES;
				CLANG_WARN_NON_LITERAL_NULL_CONVERSION = YES;
				CLANG_WARN_OBJC_IMPLICIT_RETAIN_SELF = YES;
				CLANG_WARN_OBJC_LITERAL_CONVERSION = YES;
				CLANG_WARN_OBJC_ROOT_CLASS = YES_ERROR;
				CLANG_WARN_RANGE_LOOP_ANALYSIS = YES;
				CLANG_WARN_STRICT_PROTOTYPES = YES;
				CLANG_WARN_SUSPICIOUS_MOVE = YES;
				CLANG_WARN_UNGUARDED_AVAILABILITY = YES_AGGRESSIVE;
				CLANG_WARN_UNREACHABLE_CODE = YES;
				CLANG_WARN__DUPLICATE_METHOD_MATCH = YES;
				COPY_PHASE_STRIP = NO;
				DEBUG_INFORMATION_FORMAT = "dwarf-with-dsym";
				ENABLE_NS_ASSERTIONS = NO;
				ENABLE_STRICT_OBJC_MSGSEND = YES;
				GCC_C_LANGUAGE_STANDARD = gnu11;
				GCC_NO_COMMON_BLOCKS = YES;
				GCC_WARN_64_TO_32_BIT_CONVERSION = YES;
				GCC_WARN_ABOUT_RETURN_TYPE = YES_ERROR;
				GCC_WARN_UNDECLARED_SELECTOR = YES;
				GCC_WARN_UNINITIALIZED_AUTOS = YES_AGGRESSIVE;
				GCC_WARN_UNUSED_FUNCTION = YES;
				GCC_WARN_UNUSED_VARIABLE = YES;
				IPHONEOS_DEPLOYMENT_TARGET = 13.0;
				MTL_ENABLE_DEBUG_INFO = NO;
				MTL_FAST_MATH = YES;
				SDKROOT = iphoneos;
				SWIFT_COMPILATION_MODE = wholemodule;
				SWIFT_OPTIMIZATION_LEVEL = "-O";
				VALIDATE_PRODUCT = YES;
			};
			name = Release;
		};
		028FCE5823E310A6004194DF /* Debug */ = {
			isa = XCBuildConfiguration;
			buildSettings = {
				ASSETCATALOG_COMPILER_APPICON_NAME = AppIcon;
				CODE_SIGN_STYLE = Automatic;
				DEVELOPMENT_TEAM = SKFTH2J54U;
				INFOPLIST_FILE = "Event Countdown/Info.plist";
				LD_RUNPATH_SEARCH_PATHS = (
					"$(inherited)",
					"@executable_path/Frameworks",
				);
				PRODUCT_BUNDLE_IDENTIFIER = "com.darraghblake.Event-Countdown";
				PRODUCT_NAME = "$(TARGET_NAME)";
				SWIFT_VERSION = 5.0;
				TARGETED_DEVICE_FAMILY = "1,2";
			};
			name = Debug;
		};
		028FCE5923E310A6004194DF /* Release */ = {
			isa = XCBuildConfiguration;
			buildSettings = {
				ASSETCATALOG_COMPILER_APPICON_NAME = AppIcon;
				CODE_SIGN_STYLE = Automatic;
				DEVELOPMENT_TEAM = SKFTH2J54U;
				INFOPLIST_FILE = "Event Countdown/Info.plist";
				LD_RUNPATH_SEARCH_PATHS = (
					"$(inherited)",
					"@executable_path/Frameworks",
				);
				PRODUCT_BUNDLE_IDENTIFIER = "com.darraghblake.Event-Countdown";
				PRODUCT_NAME = "$(TARGET_NAME)";
				SWIFT_VERSION = 5.0;
				TARGETED_DEVICE_FAMILY = "1,2";
			};
			name = Release;
		};
/* End XCBuildConfiguration section */

/* Begin XCConfigurationList section */
		028FCE3E23E310A2004194DF /* Build configuration list for PBXProject "Event Countdown" */ = {
			isa = XCConfigurationList;
			buildConfigurations = (
				028FCE5523E310A6004194DF /* Debug */,
				028FCE5623E310A6004194DF /* Release */,
			);
			defaultConfigurationIsVisible = 0;
			defaultConfigurationName = Release;
		};
		028FCE5723E310A6004194DF /* Build configuration list for PBXNativeTarget "Event Countdown" */ = {
			isa = XCConfigurationList;
			buildConfigurations = (
				028FCE5823E310A6004194DF /* Debug */,
				028FCE5923E310A6004194DF /* Release */,
			);
			defaultConfigurationIsVisible = 0;
			defaultConfigurationName = Release;
		};
/* End XCConfigurationList section */
	};
	rootObject = 028FCE3B23E310A2004194DF /* Project object */;
}
